
Microsoft Visual Studio Solution File, Format Version 12.00
# Visual Studio Version 17
VisualStudioVersion = 17.11.35327.3
MinimumVisualStudioVersion = 10.0.40219.1
Project("{FAE04EC0-301F-11D3-BF4B-00C04F79EFBC}") = "Distribuidas", "Distribuidas\Distribuidas.csproj", "{B2314590-E852-43FA-9CC6-B3D4D9B5DCD5}"
EndProject
Global
	GlobalSection(SolutionConfigurationPlatforms) = preSolution
		Debug|Any CPU = Debug|Any CPU
		Release|Any CPU = Release|Any CPU
	EndGlobalSection
	GlobalSection(ProjectConfigurationPlatforms) = postSolution
		{B2314590-E852-43FA-9CC6-B3D4D9B5DCD5}.Debug|Any CPU.ActiveCfg = Debug|Any CPU
		{B2314590-E852-43FA-9CC6-B3D4D9B5DCD5}.Debug|Any CPU.Build.0 = Debug|Any CPU
		{B2314590-E852-43FA-9CC6-B3D4D9B5DCD5}.Release|Any CPU.ActiveCfg = Release|Any CPU
		{B2314590-E852-43FA-9CC6-B3D4D9B5DCD5}.Release|Any CPU.Build.0 = Release|Any CPU
	EndGlobalSection
	GlobalSection(SolutionProperties) = preSolution
		HideSolutionNode = FALSE
	EndGlobalSection
	GlobalSection(ExtensibilityGlobals) = postSolution
		SolutionGuid = {7FA6BE7F-FDF3-467D-A4FF-DCD2B3A3543D}
	EndGlobalSection
EndGlobal
